
Microsoft Visual Studio Solution File, Format Version 12.00
# Visual Studio Version 17
VisualStudioVersion = 17.3.32929.385
MinimumVisualStudioVersion = 10.0.40219.1
Project("{8BC9CEB8-8B4A-11D0-8D11-00A0C91BC942}") = "C_test", "C_test.vcxproj", "{BA3C458E-3CBB-4EE3-A8A1-E9BBF397BF99}"
EndProject
Global
	GlobalSection(SolutionConfigurationPlatforms) = preSolution
		Debug|x64 = Debug|x64
		Debug|x86 = Debug|x86
		Release|x64 = Release|x64
		Release|x86 = Release|x86
	EndGlobalSection
	GlobalSection(ProjectConfigurationPlatforms) = postSolution
		{BA3C458E-3CBB-4EE3-A8A1-E9BBF397BF99}.Debug|x64.ActiveCfg = Debug|x64
		{BA3C458E-3CBB-4EE3-A8A1-E9BBF397BF99}.Debug|x64.Build.0 = Debug|x64
		{BA3C458E-3CBB-4EE3-A8A1-E9BBF397BF99}.Debug|x86.ActiveCfg = Debug|Win32
		{BA3C458E-3CBB-4EE3-A8A1-E9BBF397BF99}.Debug|x86.Build.0 = Debug|Win32
		{BA3C458E-3CBB-4EE3-A8A1-E9BBF397BF99}.Release|x64.ActiveCfg = Release|x64
		{BA3C458E-3CBB-4EE3-A8A1-E9BBF397BF99}.Release|x64.Build.0 = Release|x64
		{BA3C458E-3CBB-4EE3-A8A1-E9BBF397BF99}.Release|x86.ActiveCfg = Release|Win32
		{BA3C458E-3CBB-4EE3-A8A1-E9BBF397BF99}.Release|x86.Build.0 = Release|Win32
	EndGlobalSection
	GlobalSection(SolutionProperties) = preSolution
		HideSolutionNode = FALSE
	EndGlobalSection
	GlobalSection(ExtensibilityGlobals) = postSolution
		SolutionGuid = {D60C70C3-039B-4E1F-9ED4-D99DF5A4CA6A}
	EndGlobalSection
EndGlobal
